
Microsoft Visual Studio Solution File, Format Version 12.00
# Visual Studio Version 17
VisualStudioVersion = 17.11.35312.102
MinimumVisualStudioVersion = 10.0.40219.1
Project("{FAE04EC0-301F-11D3-BF4B-00C04F79EFBC}") = "Training", "Training\Training.csproj", "{471548E2-92D5-4273-95DC-6CF9697440BD}"
EndProject
Global
	GlobalSection(SolutionConfigurationPlatforms) = preSolution
		Debug|Any CPU = Debug|Any CPU
		Release|Any CPU = Release|Any CPU
	EndGlobalSection
	GlobalSection(ProjectConfigurationPlatforms) = postSolution
		{471548E2-92D5-4273-95DC-6CF9697440BD}.Debug|Any CPU.ActiveCfg = Debug|Any CPU
		{471548E2-92D5-4273-95DC-6CF9697440BD}.Debug|Any CPU.Build.0 = Debug|Any CPU
		{471548E2-92D5-4273-95DC-6CF9697440BD}.Release|Any CPU.ActiveCfg = Release|Any CPU
		{471548E2-92D5-4273-95DC-6CF9697440BD}.Release|Any CPU.Build.0 = Release|Any CPU
	EndGlobalSection
	GlobalSection(SolutionProperties) = preSolution
		HideSolutionNode = FALSE
	EndGlobalSection
	GlobalSection(ExtensibilityGlobals) = postSolution
		SolutionGuid = {27C7810D-0E86-4DC6-9E71-83683CE86DFD}
	EndGlobalSection
EndGlobal
